
Microsoft Visual Studio Solution File, Format Version 12.00
# Visual Studio Version 17
VisualStudioVersion = 17.9.34728.123
MinimumVisualStudioVersion = 10.0.40219.1
Project("{2150E333-8FDC-42A3-9474-1A3956D46DE8}") = "Task0", "Task0", "{23AA4AD9-5ECC-4523-831C-B8A690B1F613}"
EndProject
Project("{9A19103F-16F7-4668-BE54-9A1E7A4F7556}") = "Tyuiu.KurbanovFA.Sprint5.Task0.V21", "Tyuiu.KurbanovFA.Sprint5.Task0.V21\Tyuiu.KurbanovFA.Sprint5.Task0.V21.csproj", "{C926AB6D-F1F5-4625-9C92-D1C68EF2668C}"
EndProject
Project("{9A19103F-16F7-4668-BE54-9A1E7A4F7556}") = "Tyuiu.KurbanovFA.Sprint5.Task0.V21.Lib", "Tyuiu.KurbanovFA.Sprint5.Task0.V21.Lib\Tyuiu.KurbanovFA.Sprint5.Task0.V21.Lib.csproj", "{06DFDF90-8BB8-4D8E-AB83-964AD31CC451}"
EndProject
Project("{9A19103F-16F7-4668-BE54-9A1E7A4F7556}") = "Tyuiu.KurbanovFA.Sprint5.Task0.V21.Test", "Tyuiu.KurbanovFA.Sprint5.Task0.V21.Test\Tyuiu.KurbanovFA.Sprint5.Task0.V21.Test.csproj", "{712869E0-0461-4CC0-B1F4-AE0CE00DB0BC}"
EndProject
Project("{2150E333-8FDC-42A3-9474-1A3956D46DE8}") = "Task1", "Task1", "{58A60978-D010-4893-9284-3CF0B5A7CD18}"
EndProject
Project("{9A19103F-16F7-4668-BE54-9A1E7A4F7556}") = "Tyuiu.KurbanovFA.Sprint5.Task1.V7", "Tyuiu.KurbanovFA.Sprint5.Task1.V7\Tyuiu.KurbanovFA.Sprint5.Task1.V7.csproj", "{BC002C66-245E-495A-A4F6-70575CECD950}"
EndProject
Project("{9A19103F-16F7-4668-BE54-9A1E7A4F7556}") = "Tyuiu.KurbanovFA.Sprint5.Task1.V7.Lib", "Tyuiu.KurbanovFA.Sprint5.Task1.V7.Lib\Tyuiu.KurbanovFA.Sprint5.Task1.V7.Lib.csproj", "{92ADE79A-5E23-443C-B727-E5F7549AA5EA}"
EndProject
Project("{9A19103F-16F7-4668-BE54-9A1E7A4F7556}") = "Tyuiu.KurbanovFA.Sprint5.Task1.V7.Test", "Tyuiu.KurbanovFA.Sprint5.Task1.V7.Test\Tyuiu.KurbanovFA.Sprint5.Task1.V7.Test.csproj", "{71CF2176-776D-4275-8C9C-AAE07488CAB1}"
EndProject
Project("{2150E333-8FDC-42A3-9474-1A3956D46DE8}") = "Task2", "Task2", "{BEE9D518-9D7F-4424-95E8-0ABB2E07513A}"
EndProject
Project("{9A19103F-16F7-4668-BE54-9A1E7A4F7556}") = "Tyuiu.KurbanovFA.Sprint5.Task2.V25", "Tyuiu.KurbanovFA.Sprint5.Task2.V25\Tyuiu.KurbanovFA.Sprint5.Task2.V25.csproj", "{C25456BD-0F46-4EA8-9CDA-DB15516F6F01}"
EndProject
Project("{9A19103F-16F7-4668-BE54-9A1E7A4F7556}") = "Tyuiu.KurbanovFA.Sprint5.Task2.V25.Lib", "Tyuiu.KurbanovFA.Sprint5.Task2.V25.Lib\Tyuiu.KurbanovFA.Sprint5.Task2.V25.Lib.csproj", "{2128A7C3-0610-48A1-9F9B-BDB93F9B9801}"
EndProject
Project("{9A19103F-16F7-4668-BE54-9A1E7A4F7556}") = "Tyuiu.KurbanovFA.Sprint5.Task2.V25.Test", "Tyuiu.KurbanovFA.Sprint5.Task2.V25.Test\Tyuiu.KurbanovFA.Sprint5.Task2.V25.Test.csproj", "{DD121B02-D021-47D1-8563-8FCFD87133C8}"
EndProject
Project("{2150E333-8FDC-42A3-9474-1A3956D46DE8}") = "Task3", "Task3", "{F752E632-3B65-46BE-963D-9A3512C617D3}"
EndProject
Project("{9A19103F-16F7-4668-BE54-9A1E7A4F7556}") = "Tyuiu.KurbanovFA.Sprint5.Task3.V5", "Tyuiu.KurbanovFA.Sprint5.Task3.V5\Tyuiu.KurbanovFA.Sprint5.Task3.V5.csproj", "{9AD87763-66FB-48A2-970B-DB281A5EAF91}"
EndProject
Project("{9A19103F-16F7-4668-BE54-9A1E7A4F7556}") = "Tyuiu.KurbanovFA.Sprint5.Task3.V5.Lib", "Tyuiu.KurbanovFA.Sprint5.Task3.V5.Lib\Tyuiu.KurbanovFA.Sprint5.Task3.V5.Lib.csproj", "{40258951-2C09-4780-863B-C6C478B7DEC8}"
EndProject
Project("{9A19103F-16F7-4668-BE54-9A1E7A4F7556}") = "Tyuiu.KurbanovFA.Sprint5.Task3.V5.Test", "Tyuiu.KurbanovFA.Sprint5.Task3.V5.Test\Tyuiu.KurbanovFA.Sprint5.Task3.V5.Test.csproj", "{63164425-44E8-4730-89B4-EEB79C787032}"
EndProject
Project("{2150E333-8FDC-42A3-9474-1A3956D46DE8}") = "Task4", "Task4", "{3A2A8CDD-F8D9-4E42-9298-FD5D4A191186}"
EndProject
Project("{9A19103F-16F7-4668-BE54-9A1E7A4F7556}") = "Tyuiu.KurbanovFA.Sprint5.Task4.V5", "Tyuiu.KurbanovFA.Sprint5.Task4.V5\Tyuiu.KurbanovFA.Sprint5.Task4.V5.csproj", "{1CF4FAFC-346A-4B73-AA23-7C9CBD76F55F}"
EndProject
Project("{9A19103F-16F7-4668-BE54-9A1E7A4F7556}") = "Tyuiu.KurbanovFA.Sprint5.Task4.V5.Lib", "Tyuiu.KurbanovFA.Sprint5.Task4.V5.Lib\Tyuiu.KurbanovFA.Sprint5.Task4.V5.Lib.csproj", "{B3722859-5943-453D-AEBC-7D15CFAB03AF}"
EndProject
Project("{9A19103F-16F7-4668-BE54-9A1E7A4F7556}") = "Tyuiu.KurbanovFA.Sprint5.Task4.V5.Test", "Tyuiu.KurbanovFA.Sprint5.Task4.V5.Test\Tyuiu.KurbanovFA.Sprint5.Task4.V5.Test.csproj", "{57BE1AF9-1D11-43D6-AC61-7B1C885AE3CB}"
EndProject
Project("{2150E333-8FDC-42A3-9474-1A3956D46DE8}") = "Task5", "Task5", "{50D94AE9-62CB-446D-8992-997484DD071C}"
EndProject
Project("{FAE04EC0-301F-11D3-BF4B-00C04F79EFBC}") = "Tyuiu.KurbanovFA.Sprint5.Task5.V12", "Tyuiu.KurbanovFA.Sprint5.Task5.V12\Tyuiu.KurbanovFA.Sprint5.Task5.V12.csproj", "{E767F07C-BACB-4BCB-A11D-910BB2F8413C}"
EndProject
Project("{FAE04EC0-301F-11D3-BF4B-00C04F79EFBC}") = "Tyuiu.KurbanovFA.Sprint5.Task5.V12.Lib", "Tyuiu.KurbanovFA.Sprint5.Task5.V12.Lib\Tyuiu.KurbanovFA.Sprint5.Task5.V12.Lib.csproj", "{D35CCD9E-7EFE-4FBC-BEB9-E73B1559C3DC}"
EndProject
Project("{FAE04EC0-301F-11D3-BF4B-00C04F79EFBC}") = "Tyuiu.KurbanovFA.Sprint5.Task5.V12.Test", "Tyuiu.KurbanovFA.Sprint5.Task5.V12.Test\Tyuiu.KurbanovFA.Sprint5.Task5.V12.Test.csproj", "{4F909F85-6274-4DF0-885F-2671E77A1618}"
EndProject
Project("{2150E333-8FDC-42A3-9474-1A3956D46DE8}") = "Task6", "Task6", "{4E70D586-034C-44BD-AA94-57051088D088}"
EndProject
Project("{FAE04EC0-301F-11D3-BF4B-00C04F79EFBC}") = "Tyuiu.KurbanovFA.Sprint5.Task6.V24", "Tyuiu.KurbanovFA.Sprint5.Task6.V24\Tyuiu.KurbanovFA.Sprint5.Task6.V24.csproj", "{364582FE-C26C-4F7D-8AE0-60D6A2DA5878}"
EndProject
Project("{FAE04EC0-301F-11D3-BF4B-00C04F79EFBC}") = "Tyuiu.KurbanovFA.Sprint5.Task6.V24.Lib", "Tyuiu.KurbanovFA.Sprint5.Task6.V24.Lib\Tyuiu.KurbanovFA.Sprint5.Task6.V24.Lib.csproj", "{A0D37137-242B-46E1-9927-45B24F3E1AC3}"
EndProject
Project("{FAE04EC0-301F-11D3-BF4B-00C04F79EFBC}") = "Tyuiu.KurbanovFA.Sprint5.Task6.V24.Test", "Tyuiu.KurbanovFA.Sprint5.Task6.V24.Test\Tyuiu.KurbanovFA.Sprint5.Task6.V24.Test.csproj", "{2C3E2298-04B0-4DE1-B416-E01D0BBD18ED}"
EndProject
Global
	GlobalSection(SolutionConfigurationPlatforms) = preSolution
		Debug|Any CPU = Debug|Any CPU
		Release|Any CPU = Release|Any CPU
	EndGlobalSection
	GlobalSection(ProjectConfigurationPlatforms) = postSolution
		{C926AB6D-F1F5-4625-9C92-D1C68EF2668C}.Debug|Any CPU.ActiveCfg = Debug|Any CPU
		{C926AB6D-F1F5-4625-9C92-D1C68EF2668C}.Debug|Any CPU.Build.0 = Debug|Any CPU
		{C926AB6D-F1F5-4625-9C92-D1C68EF2668C}.Release|Any CPU.ActiveCfg = Release|Any CPU
		{C926AB6D-F1F5-4625-9C92-D1C68EF2668C}.Release|Any CPU.Build.0 = Release|Any CPU
		{06DFDF90-8BB8-4D8E-AB83-964AD31CC451}.Debug|Any CPU.ActiveCfg = Debug|Any CPU
		{06DFDF90-8BB8-4D8E-AB83-964AD31CC451}.Debug|Any CPU.Build.0 = Debug|Any CPU
		{06DFDF90-8BB8-4D8E-AB83-964AD31CC451}.Release|Any CPU.ActiveCfg = Release|Any CPU
		{06DFDF90-8BB8-4D8E-AB83-964AD31CC451}.Release|Any CPU.Build.0 = Release|Any CPU
		{712869E0-0461-4CC0-B1F4-AE0CE00DB0BC}.Debug|Any CPU.ActiveCfg = Debug|Any CPU
		{712869E0-0461-4CC0-B1F4-AE0CE00DB0BC}.Debug|Any CPU.Build.0 = Debug|Any CPU
		{712869E0-0461-4CC0-B1F4-AE0CE00DB0BC}.Release|Any CPU.ActiveCfg = Release|Any CPU
		{712869E0-0461-4CC0-B1F4-AE0CE00DB0BC}.Release|Any CPU.Build.0 = Release|Any CPU
		{BC002C66-245E-495A-A4F6-70575CECD950}.Debug|Any CPU.ActiveCfg = Debug|Any CPU
		{BC002C66-245E-495A-A4F6-70575CECD950}.Debug|Any CPU.Build.0 = Debug|Any CPU
		{BC002C66-245E-495A-A4F6-70575CECD950}.Release|Any CPU.ActiveCfg = Release|Any CPU
		{BC002C66-245E-495A-A4F6-70575CECD950}.Release|Any CPU.Build.0 = Release|Any CPU
		{92ADE79A-5E23-443C-B727-E5F7549AA5EA}.Debug|Any CPU.ActiveCfg = Debug|Any CPU
		{92ADE79A-5E23-443C-B727-E5F7549AA5EA}.Debug|Any CPU.Build.0 = Debug|Any CPU
		{92ADE79A-5E23-443C-B727-E5F7549AA5EA}.Release|Any CPU.ActiveCfg = Release|Any CPU
		{92ADE79A-5E23-443C-B727-E5F7549AA5EA}.Release|Any CPU.Build.0 = Release|Any CPU
		{71CF2176-776D-4275-8C9C-AAE07488CAB1}.Debug|Any CPU.ActiveCfg = Debug|Any CPU
		{71CF2176-776D-4275-8C9C-AAE07488CAB1}.Debug|Any CPU.Build.0 = Debug|Any CPU
		{71CF2176-776D-4275-8C9C-AAE07488CAB1}.Release|Any CPU.ActiveCfg = Release|Any CPU
		{71CF2176-776D-4275-8C9C-AAE07488CAB1}.Release|Any CPU.Build.0 = Release|Any CPU
		{C25456BD-0F46-4EA8-9CDA-DB15516F6F01}.Debug|Any CPU.ActiveCfg = Debug|Any CPU
		{C25456BD-0F46-4EA8-9CDA-DB15516F6F01}.Debug|Any CPU.Build.0 = Debug|Any CPU
		{C25456BD-0F46-4EA8-9CDA-DB15516F6F01}.Release|Any CPU.ActiveCfg = Release|Any CPU
		{C25456BD-0F46-4EA8-9CDA-DB15516F6F01}.Release|Any CPU.Build.0 = Release|Any CPU
		{2128A7C3-0610-48A1-9F9B-BDB93F9B9801}.Debug|Any CPU.ActiveCfg = Debug|Any CPU
		{2128A7C3-0610-48A1-9F9B-BDB93F9B9801}.Debug|Any CPU.Build.0 = Debug|Any CPU
		{2128A7C3-0610-48A1-9F9B-BDB93F9B9801}.Release|Any CPU.ActiveCfg = Release|Any CPU
		{2128A7C3-0610-48A1-9F9B-BDB93F9B9801}.Release|Any CPU.Build.0 = Release|Any CPU
		{DD121B02-D021-47D1-8563-8FCFD87133C8}.Debug|Any CPU.ActiveCfg = Debug|Any CPU
		{DD121B02-D021-47D1-8563-8FCFD87133C8}.Debug|Any CPU.Build.0 = Debug|Any CPU
		{DD121B02-D021-47D1-8563-8FCFD87133C8}.Release|Any CPU.ActiveCfg = Release|Any CPU
		{DD121B02-D021-47D1-8563-8FCFD87133C8}.Release|Any CPU.Build.0 = Release|Any CPU
		{9AD87763-66FB-48A2-970B-DB281A5EAF91}.Debug|Any CPU.ActiveCfg = Debug|Any CPU
		{9AD87763-66FB-48A2-970B-DB281A5EAF91}.Debug|Any CPU.Build.0 = Debug|Any CPU
		{9AD87763-66FB-48A2-970B-DB281A5EAF91}.Release|Any CPU.ActiveCfg = Release|Any CPU
		{9AD87763-66FB-48A2-970B-DB281A5EAF91}.Release|Any CPU.Build.0 = Release|Any CPU
		{40258951-2C09-4780-863B-C6C478B7DEC8}.Debug|Any CPU.ActiveCfg = Debug|Any CPU
		{40258951-2C09-4780-863B-C6C478B7DEC8}.Debug|Any CPU.Build.0 = Debug|Any CPU
		{40258951-2C09-4780-863B-C6C478B7DEC8}.Release|Any CPU.ActiveCfg = Release|Any CPU
		{40258951-2C09-4780-863B-C6C478B7DEC8}.Release|Any CPU.Build.0 = Release|Any CPU
		{63164425-44E8-4730-89B4-EEB79C787032}.Debug|Any CPU.ActiveCfg = Debug|Any CPU
		{63164425-44E8-4730-89B4-EEB79C787032}.Debug|Any CPU.Build.0 = Debug|Any CPU
		{63164425-44E8-4730-89B4-EEB79C787032}.Release|Any CPU.ActiveCfg = Release|Any CPU
		{63164425-44E8-4730-89B4-EEB79C787032}.Release|Any CPU.Build.0 = Release|Any CPU
		{1CF4FAFC-346A-4B73-AA23-7C9CBD76F55F}.Debug|Any CPU.ActiveCfg = Debug|Any CPU
		{1CF4FAFC-346A-4B73-AA23-7C9CBD76F55F}.Debug|Any CPU.Build.0 = Debug|Any CPU
		{1CF4FAFC-346A-4B73-AA23-7C9CBD76F55F}.Release|Any CPU.ActiveCfg = Release|Any CPU
		{1CF4FAFC-346A-4B73-AA23-7C9CBD76F55F}.Release|Any CPU.Build.0 = Release|Any CPU
		{B3722859-5943-453D-AEBC-7D15CFAB03AF}.Debug|Any CPU.ActiveCfg = Debug|Any CPU
		{B3722859-5943-453D-AEBC-7D15CFAB03AF}.Debug|Any CPU.Build.0 = Debug|Any CPU
		{B3722859-5943-453D-AEBC-7D15CFAB03AF}.Release|Any CPU.ActiveCfg = Release|Any CPU
		{B3722859-5943-453D-AEBC-7D15CFAB03AF}.Release|Any CPU.Build.0 = Release|Any CPU
		{57BE1AF9-1D11-43D6-AC61-7B1C885AE3CB}.Debug|Any CPU.ActiveCfg = Debug|Any CPU
		{57BE1AF9-1D11-43D6-AC61-7B1C885AE3CB}.Debug|Any CPU.Build.0 = Debug|Any CPU
		{57BE1AF9-1D11-43D6-AC61-7B1C885AE3CB}.Release|Any CPU.ActiveCfg = Release|Any CPU
		{57BE1AF9-1D11-43D6-AC61-7B1C885AE3CB}.Release|Any CPU.Build.0 = Release|Any CPU
		{E767F07C-BACB-4BCB-A11D-910BB2F8413C}.Debug|Any CPU.ActiveCfg = Debug|Any CPU
		{E767F07C-BACB-4BCB-A11D-910BB2F8413C}.Debug|Any CPU.Build.0 = Debug|Any CPU
		{E767F07C-BACB-4BCB-A11D-910BB2F8413C}.Release|Any CPU.ActiveCfg = Release|Any CPU
		{E767F07C-BACB-4BCB-A11D-910BB2F8413C}.Release|Any CPU.Build.0 = Release|Any CPU
		{D35CCD9E-7EFE-4FBC-BEB9-E73B1559C3DC}.Debug|Any CPU.ActiveCfg = Debug|Any CPU
		{D35CCD9E-7EFE-4FBC-BEB9-E73B1559C3DC}.Debug|Any CPU.Build.0 = Debug|Any CPU
		{D35CCD9E-7EFE-4FBC-BEB9-E73B1559C3DC}.Release|Any CPU.ActiveCfg = Release|Any CPU
		{D35CCD9E-7EFE-4FBC-BEB9-E73B1559C3DC}.Release|Any CPU.Build.0 = Release|Any CPU
		{4F909F85-6274-4DF0-885F-2671E77A1618}.Debug|Any CPU.ActiveCfg = Debug|Any CPU
		{4F909F85-6274-4DF0-885F-2671E77A1618}.Debug|Any CPU.Build.0 = Debug|Any CPU
		{4F909F85-6274-4DF0-885F-2671E77A1618}.Release|Any CPU.ActiveCfg = Release|Any CPU
		{4F909F85-6274-4DF0-885F-2671E77A1618}.Release|Any CPU.Build.0 = Release|Any CPU
		{364582FE-C26C-4F7D-8AE0-60D6A2DA5878}.Debug|Any CPU.ActiveCfg = Debug|Any CPU
		{364582FE-C26C-4F7D-8AE0-60D6A2DA5878}.Debug|Any CPU.Build.0 = Debug|Any CPU
		{364582FE-C26C-4F7D-8AE0-60D6A2DA5878}.Release|Any CPU.ActiveCfg = Release|Any CPU
		{364582FE-C26C-4F7D-8AE0-60D6A2DA5878}.Release|Any CPU.Build.0 = Release|Any CPU
		{A0D37137-242B-46E1-9927-45B24F3E1AC3}.Debug|Any CPU.ActiveCfg = Debug|Any CPU
		{A0D37137-242B-46E1-9927-45B24F3E1AC3}.Debug|Any CPU.Build.0 = Debug|Any CPU
		{A0D37137-242B-46E1-9927-45B24F3E1AC3}.Release|Any CPU.ActiveCfg = Release|Any CPU
		{A0D37137-242B-46E1-9927-45B24F3E1AC3}.Release|Any CPU.Build.0 = Release|Any CPU
		{2C3E2298-04B0-4DE1-B416-E01D0BBD18ED}.Debug|Any CPU.ActiveCfg = Debug|Any CPU
		{2C3E2298-04B0-4DE1-B416-E01D0BBD18ED}.Debug|Any CPU.Build.0 = Debug|Any CPU
		{2C3E2298-04B0-4DE1-B416-E01D0BBD18ED}.Release|Any CPU.ActiveCfg = Release|Any CPU
		{2C3E2298-04B0-4DE1-B416-E01D0BBD18ED}.Release|Any CPU.Build.0 = Release|Any CPU
	EndGlobalSection
	GlobalSection(SolutionProperties) = preSolution
		HideSolutionNode = FALSE
	EndGlobalSection
	GlobalSection(NestedProjects) = preSolution
		{C926AB6D-F1F5-4625-9C92-D1C68EF2668C} = {23AA4AD9-5ECC-4523-831C-B8A690B1F613}
		{06DFDF90-8BB8-4D8E-AB83-964AD31CC451} = {23AA4AD9-5ECC-4523-831C-B8A690B1F613}
		{712869E0-0461-4CC0-B1F4-AE0CE00DB0BC} = {23AA4AD9-5ECC-4523-831C-B8A690B1F613}
		{BC002C66-245E-495A-A4F6-70575CECD950} = {58A60978-D010-4893-9284-3CF0B5A7CD18}
		{92ADE79A-5E23-443C-B727-E5F7549AA5EA} = {58A60978-D010-4893-9284-3CF0B5A7CD18}
		{71CF2176-776D-4275-8C9C-AAE07488CAB1} = {58A60978-D010-4893-9284-3CF0B5A7CD18}
		{C25456BD-0F46-4EA8-9CDA-DB15516F6F01} = {BEE9D518-9D7F-4424-95E8-0ABB2E07513A}
		{2128A7C3-0610-48A1-9F9B-BDB93F9B9801} = {BEE9D518-9D7F-4424-95E8-0ABB2E07513A}
		{DD121B02-D021-47D1-8563-8FCFD87133C8} = {BEE9D518-9D7F-4424-95E8-0ABB2E07513A}
		{9AD87763-66FB-48A2-970B-DB281A5EAF91} = {F752E632-3B65-46BE-963D-9A3512C617D3}
		{40258951-2C09-4780-863B-C6C478B7DEC8} = {F752E632-3B65-46BE-963D-9A3512C617D3}
		{63164425-44E8-4730-89B4-EEB79C787032} = {F752E632-3B65-46BE-963D-9A3512C617D3}
		{1CF4FAFC-346A-4B73-AA23-7C9CBD76F55F} = {3A2A8CDD-F8D9-4E42-9298-FD5D4A191186}
		{B3722859-5943-453D-AEBC-7D15CFAB03AF} = {3A2A8CDD-F8D9-4E42-9298-FD5D4A191186}
		{57BE1AF9-1D11-43D6-AC61-7B1C885AE3CB} = {3A2A8CDD-F8D9-4E42-9298-FD5D4A191186}
		{E767F07C-BACB-4BCB-A11D-910BB2F8413C} = {50D94AE9-62CB-446D-8992-997484DD071C}
		{D35CCD9E-7EFE-4FBC-BEB9-E73B1559C3DC} = {50D94AE9-62CB-446D-8992-997484DD071C}
		{4F909F85-6274-4DF0-885F-2671E77A1618} = {50D94AE9-62CB-446D-8992-997484DD071C}
		{364582FE-C26C-4F7D-8AE0-60D6A2DA5878} = {4E70D586-034C-44BD-AA94-57051088D088}
		{A0D37137-242B-46E1-9927-45B24F3E1AC3} = {4E70D586-034C-44BD-AA94-57051088D088}
		{2C3E2298-04B0-4DE1-B416-E01D0BBD18ED} = {4E70D586-034C-44BD-AA94-57051088D088}
	EndGlobalSection
	GlobalSection(ExtensibilityGlobals) = postSolution
		SolutionGuid = {5F8B3A19-08FC-41FD-97BA-63FAA14AEE08}
	EndGlobalSection
EndGlobal
